
Microsoft Visual Studio Solution File, Format Version 12.00
# Visual Studio Version 16
VisualStudioVersion = 16.0.31624.102
MinimumVisualStudioVersion = 10.0.40219.1
Project("{FAE04EC0-301F-11D3-BF4B-00C04F79EFBC}") = "Suma", "Suma\Suma.csproj", "{0C15580B-BAC3-42CE-8F3D-49596257DFEA}"
EndProject
Project("{FAE04EC0-301F-11D3-BF4B-00C04F79EFBC}") = "Resta", "Resta\Resta.csproj", "{12C04425-D90B-4E48-8601-28FDBF329BF1}"
EndProject
Project("{FAE04EC0-301F-11D3-BF4B-00C04F79EFBC}") = "Multiplicacion", "Multiplicacion\Multiplicacion.csproj", "{B392385D-EA8F-4743-8D70-E19AA41DDE02}"
EndProject
Project("{FAE04EC0-301F-11D3-BF4B-00C04F79EFBC}") = "Division", "Division\Division.csproj", "{680C6DF2-73BE-41CD-92B1-26A78E9E51C6}"
EndProject
Global
	GlobalSection(SolutionConfigurationPlatforms) = preSolution
		Debug|Any CPU = Debug|Any CPU
		Release|Any CPU = Release|Any CPU
	EndGlobalSection
	GlobalSection(ProjectConfigurationPlatforms) = postSolution
		{0C15580B-BAC3-42CE-8F3D-49596257DFEA}.Debug|Any CPU.ActiveCfg = Debug|Any CPU
		{0C15580B-BAC3-42CE-8F3D-49596257DFEA}.Debug|Any CPU.Build.0 = Debug|Any CPU
		{0C15580B-BAC3-42CE-8F3D-49596257DFEA}.Release|Any CPU.ActiveCfg = Release|Any CPU
		{0C15580B-BAC3-42CE-8F3D-49596257DFEA}.Release|Any CPU.Build.0 = Release|Any CPU
		{12C04425-D90B-4E48-8601-28FDBF329BF1}.Debug|Any CPU.ActiveCfg = Debug|Any CPU
		{12C04425-D90B-4E48-8601-28FDBF329BF1}.Debug|Any CPU.Build.0 = Debug|Any CPU
		{12C04425-D90B-4E48-8601-28FDBF329BF1}.Release|Any CPU.ActiveCfg = Release|Any CPU
		{12C04425-D90B-4E48-8601-28FDBF329BF1}.Release|Any CPU.Build.0 = Release|Any CPU
		{B392385D-EA8F-4743-8D70-E19AA41DDE02}.Debug|Any CPU.ActiveCfg = Debug|Any CPU
		{B392385D-EA8F-4743-8D70-E19AA41DDE02}.Debug|Any CPU.Build.0 = Debug|Any CPU
		{B392385D-EA8F-4743-8D70-E19AA41DDE02}.Release|Any CPU.ActiveCfg = Release|Any CPU
		{B392385D-EA8F-4743-8D70-E19AA41DDE02}.Release|Any CPU.Build.0 = Release|Any CPU
		{680C6DF2-73BE-41CD-92B1-26A78E9E51C6}.Debug|Any CPU.ActiveCfg = Debug|Any CPU
		{680C6DF2-73BE-41CD-92B1-26A78E9E51C6}.Debug|Any CPU.Build.0 = Debug|Any CPU
		{680C6DF2-73BE-41CD-92B1-26A78E9E51C6}.Release|Any CPU.ActiveCfg = Release|Any CPU
		{680C6DF2-73BE-41CD-92B1-26A78E9E51C6}.Release|Any CPU.Build.0 = Release|Any CPU
	EndGlobalSection
	GlobalSection(SolutionProperties) = preSolution
		HideSolutionNode = FALSE
	EndGlobalSection
	GlobalSection(ExtensibilityGlobals) = postSolution
		SolutionGuid = {A3360578-6D25-4C35-9995-E3F4DAAF5CC8}
	EndGlobalSection
EndGlobal
